// !$*UTF8*$!
{
	archiveVersion = 1;
	classes = {
	};
	objectVersion = 46;
	objects = {

/* Begin PBXBuildFile section */
		04A56CFE1D36BAB60017D395 /* client-tls.c in Sources */ = {isa = PBXBuildFile; fileRef = 04A56CFD1D36BAB60017D395 /* client-tls.c */; };
/* End PBXBuildFile section */

/* Begin PBXCopyFilesBuildPhase section */
		04A56CD11D2EDF4F0017D395 /* CopyFiles */ = {
			isa = PBXCopyFilesBuildPhase;
			buildActionMask = 2147483647;
			dstPath = /usr/share/man/man1/;
			dstSubfolderSpec = 0;
			files = (
			);
			runOnlyForDeploymentPostprocessing = 1;
		};
/* End PBXCopyFilesBuildPhase section */

/* Begin PBXFileReference section */
		04A56CD31D2EDF500017D395 /* TestCliServWolfSSL */ = {isa = PBXFileReference; explicitFileType = "compiled.mach-o.executable"; includeInIndex = 0; path = TestCliServWolfSSL; sourceTree = BUILT_PRODUCTS_DIR; };
		04A56CFD1D36BAB60017D395 /* client-tls.c */ = {isa = PBXFileReference; fileEncoding = 4; lastKnownFileType = sourcecode.c.c; path = "client-tls.c"; sourceTree = "<group>"; };
/* End PBXFileReference section */

/* Begin PBXFrameworksBuildPhase section */
		04A56CD01D2EDF4F0017D395 /* Frameworks */ = {
			isa = PBXFrameworksBuildPhase;
			buildActionMask = 2147483647;
			files = (
			);
			runOnlyForDeploymentPostprocessing = 0;
		};
/* End PBXFrameworksBuildPhase section */

/* Begin PBXGroup section */
		04A56CCA1D2EDF4F0017D395 = {
			isa = PBXGroup;
			children = (
				04A56CD51D2EDF500017D395 /* TestCliServWolfSSL */,
				04A56CD41D2EDF500017D395 /* Products */,
			);
			sourceTree = "<group>";
		};
		04A56CD41D2EDF500017D395 /* Products */ = {
			isa = PBXGroup;
			children = (
				04A56CD31D2EDF500017D395 /* TestCliServWolfSSL */,
			);
			name = Products;
			sourceTree = "<group>";
		};
		04A56CD51D2EDF500017D395 /* TestCliServWolfSSL */ = {
			isa = PBXGroup;
			children = (
				04A56CFD1D36BAB60017D395 /* client-tls.c */,
			);
			path = TestCliServWolfSSL;
			sourceTree = "<group>";
		};
/* End PBXGroup section */

/* Begin PBXNativeTarget section */
		04A56CD21D2EDF4F0017D395 /* TestCliServWolfSSL */ = {
			isa = PBXNativeTarget;
			buildConfigurationList = 04A56CDA1D2EDF500017D395 /* Build configuration list for PBXNativeTarget "TestCliServWolfSSL" */;
			buildPhases = (
				04A56CCF1D2EDF4F0017D395 /* Sources */,
				04A56CD01D2EDF4F0017D395 /* Frameworks */,
				04A56CD11D2EDF4F0017D395 /* CopyFiles */,
			);
			buildRules = (
			);
			dependencies = (
			);
			name = TestCliServWolfSSL;
			productName = TestCliServWolfSSL;
			productReference = 04A56CD31D2EDF500017D395 /* TestCliServWolfSSL */;
			productType = "com.apple.product-type.tool";
		};
/* End PBXNativeTarget section */

/* Begin PBXProject section */
		04A56CCB1D2EDF4F0017D395 /* Project object */ = {
			isa = PBXProject;
			attributes = {
				LastUpgradeCheck = 0730;
				ORGANIZATIONNAME = justmml;
				TargetAttributes = {
					04A56CD21D2EDF4F0017D395 = {
						CreatedOnToolsVersion = 7.3.1;
					};
				};
			};
			buildConfigurationList = 04A56CCE1D2EDF4F0017D395 /* Build configuration list for PBXProject "TestCliServWolfSSL" */;
			compatibilityVersion = "Xcode 3.2";
			developmentRegion = English;
			hasScannedForEncodings = 0;
			knownRegions = (
				en,
			);
			mainGroup = 04A56CCA1D2EDF4F0017D395;
			productRefGroup = 04A56CD41D2EDF500017D395 /* Products */;
			projectDirPath = "";
			projectRoot = "";
			targets = (
				04A56CD21D2EDF4F0017D395 /* TestCliServWolfSSL */,
			);
		};
/* End PBXProject section */

/* Begin PBXSourcesBuildPhase section */
		04A56CCF1D2EDF4F0017D395 /* Sources */ = {
			isa = PBXSourcesBuildPhase;
			buildActionMask = 2147483647;
			files = (
				04A56CFE1D36BAB60017D395 /* client-tls.c in Sources */,
			);
			runOnlyForDeploymentPostprocessing = 0;
		};
/* End PBXSourcesBuildPhase section */

/* Begin XCBuildConfiguration section */
		04A56CD81D2EDF500017D395 /* Debug */ = {
			isa = XCBuildConfiguration;
			buildSettings = {
				ALWAYS_SEARCH_USER_PATHS = NO;
				CLANG_ANALYZER_NONNULL = YES;
				CLANG_CXX_LANGUAGE_STANDARD = "gnu++0x";
				CLANG_CXX_LIBRARY = "libc++";
				CLANG_ENABLE_MODULES = YES;
				CLANG_ENABLE_OBJC_ARC = YES;
				CLANG_WARN_BOOL_CONVERSION = YES;
				CLANG_WARN_CONSTANT_CONVERSION = YES;
				CLANG_WARN_DIRECT_OBJC_ISA_USAGE = YES_ERROR;
				CLANG_WARN_EMPTY_BODY = YES;
				CLANG_WARN_ENUM_CONVERSION = YES;
				CLANG_WARN_INT_CONVERSION = YES;
				CLANG_WARN_OBJC_ROOT_CLASS = YES_ERROR;
				CLANG_WARN_UNREACHABLE_CODE = YES;
				CLANG_WARN__DUPLICATE_METHOD_MATCH = YES;
				CODE_SIGN_IDENTITY = "-";
				COPY_PHASE_STRIP = NO;
				DEBUG_INFORMATION_FORMAT = dwarf;
				ENABLE_STRICT_OBJC_MSGSEND = YES;
				ENABLE_TESTABILITY = YES;
				GCC_C_LANGUAGE_STANDARD = gnu99;
				GCC_DYNAMIC_NO_PIC = NO;
				GCC_NO_COMMON_BLOCKS = YES;
				GCC_OPTIMIZATION_LEVEL = 0;
				GCC_PREPROCESSOR_DEFINITIONS = (
					"DEBUG=1",
					"$(inherited)",
				);
				GCC_WARN_64_TO_32_BIT_CONVERSION = YES;
				GCC_WARN_ABOUT_RETURN_TYPE = YES_ERROR;
				GCC_WARN_UNDECLARED_SELECTOR = YES;
				GCC_WARN_UNINITIALIZED_AUTOS = YES_AGGRESSIVE;
				GCC_WARN_UNUSED_FUNCTION = YES;
				GCC_WARN_UNUSED_VARIABLE = YES;
				MACOSX_DEPLOYMENT_TARGET = 10.11;
				MTL_ENABLE_DEBUG_INFO = YES;
				ONLY_ACTIVE_ARCH = YES;
				SDKROOT = macosx;
			};
			name = Debug;
		};
		04A56CD91D2EDF500017D395 /* Release */ = {
			isa = XCBuildConfiguration;
			buildSettings = {
				ALWAYS_SEARCH_USER_PATHS = NO;
				CLANG_ANALYZER_NONNULL = YES;
				CLANG_CXX_LANGUAGE_STANDARD = "gnu++0x";
				CLANG_CXX_LIBRARY = "libc++";
				CLANG_ENABLE_MODULES = YES;
				CLANG_ENABLE_OBJC_ARC = YES;
				CLANG_WARN_BOOL_CONVERSION = YES;
				CLANG_WARN_CONSTANT_CONVERSION = YES;
				CLANG_WARN_DIRECT_OBJC_ISA_USAGE = YES_ERROR;
				CLANG_WARN_EMPTY_BODY = YES;
				CLANG_WARN_ENUM_CONVERSION = YES;
				CLANG_WARN_INT_CONVERSION = YES;
				CLANG_WARN_OBJC_ROOT_CLASS = YES_ERROR;
				CLANG_WARN_UNREACHABLE_CODE = YES;
				CLANG_WARN__DUPLICATE_METHOD_MATCH = YES;
				CODE_SIGN_IDENTITY = "-";
				COPY_PHASE_STRIP = NO;
				DEBUG_INFORMATION_FORMAT = "dwarf-with-dsym";
				ENABLE_NS_ASSERTIONS = NO;
				ENABLE_STRICT_OBJC_MSGSEND = YES;
				GCC_C_LANGUAGE_STANDARD = gnu99;
				GCC_NO_COMMON_BLOCKS = YES;
				GCC_WARN_64_TO_32_BIT_CONVERSION = YES;
				GCC_WARN_ABOUT_RETURN_TYPE = YES_ERROR;
				GCC_WARN_UNDECLARED_SELECTOR = YES;
				GCC_WARN_UNINITIALIZED_AUTOS = YES_AGGRESSIVE;
				GCC_WARN_UNUSED_FUNCTION = YES;
				GCC_WARN_UNUSED_VARIABLE = YES;
				MACOSX_DEPLOYMENT_TARGET = 10.11;
				MTL_ENABLE_DEBUG_INFO = NO;
				SDKROOT = macosx;
			};
			name = Release;
		};
		04A56CDB1D2EDF500017D395 /* Debug */ = {
			isa = XCBuildConfiguration;
			buildSettings = {
				HEADER_SEARCH_PATHS = /usr/local/Cellar/openssl/1.0.2d_1/include/openssl;
				LIBRARY_SEARCH_PATHS = "/Users/mac/Documents/wolfssl-3.9.6";
				OTHER_LDFLAGS = (
					"-L/usr/local/lib",
					"-lwolfssl",
					"-lnetwork",
				);
				PRODUCT_NAME = "$(TARGET_NAME)";
			};
			name = Debug;
		};
		04A56CDC1D2EDF500017D395 /* Release */ = {
			isa = XCBuildConfiguration;
			buildSettings = {
				HEADER_SEARCH_PATHS = /usr/local/Cellar/openssl/1.0.2d_1/include/openssl;
				LIBRARY_SEARCH_PATHS = "/Users/mac/Documents/wolfssl-3.9.6";
				OTHER_LDFLAGS = (
					"-L/usr/local/lib",
					"-lwolfssl",
					"-lnetwork",
				);
				PRODUCT_NAME = "$(TARGET_NAME)";
			};
			name = Release;
		};
/* End XCBuildConfiguration section */

/* Begin XCConfigurationList section */
		04A56CCE1D2EDF4F0017D395 /* Build configuration list for PBXProject "TestCliServWolfSSL" */ = {
			isa = XCConfigurationList;
			buildConfigurations = (
				04A56CD81D2EDF500017D395 /* Debug */,
				04A56CD91D2EDF500017D395 /* Release */,
			);
			defaultConfigurationIsVisible = 0;
			defaultConfigurationName = Release;
		};
		04A56CDA1D2EDF500017D395 /* Build configuration list for PBXNativeTarget "TestCliServWolfSSL" */ = {
			isa = XCConfigurationList;
			buildConfigurations = (
				04A56CDB1D2EDF500017D395 /* Debug */,
				04A56CDC1D2EDF500017D395 /* Release */,
			);
			defaultConfigurationIsVisible = 0;
			defaultConfigurationName = Release;
		};
/* End XCConfigurationList section */
	};
	rootObject = 04A56CCB1D2EDF4F0017D395 /* Project object */;
}
